{
  "nodes": {
    "flake-parts": {
      "inputs": {
        "nixpkgs-lib": [
          "nixvim",
          "nixpkgs"
        ]
      },
      "locked": {
        "lastModified": 1772408722,
        "narHash": "sha256-rHuJtdcOjK7rAHpHphUb1iCvgkU3GpfvicLMwwnfMT0=",
        "owner": "hercules-ci",
        "repo": "flake-parts",
        "rev": "f20dc5d9b8027381c474144ecabc9034d6a839a3",
        "type": "github"
      },
      "original": {
        "owner": "hercules-ci",
        "repo": "flake-parts",
        "type": "github"
      }
    },
    "nixpkgs": {
      "locked": {
        "lastModified": 1775793324,
        "narHash": "sha256-omax7atcZbol+6HJ2RLpP+ZCFcPa5bZ65Hn71RufeWQ=",
        "owner": "nixos",
        "repo": "nixpkgs",
        "rev": "9d29d5f667d7467f98efc31881e824fa586c927e",
        "type": "github"
      },
      "original": {
        "owner": "nixos",
        "ref": "nixpkgs-unstable",
        "repo": "nixpkgs",
        "type": "github"
      }
    },
    "nixpkgs_2": {
      "locked": {
        "lastModified": 1775888245,
        "narHash": "sha256-nwASzrRDD1JBEu/o8ekKYEXm/oJW6EMCzCRdrwcLe90=",
        "owner": "NixOS",
        "repo": "nixpkgs",
        "rev": "13043924aaa7375ce482ebe2494338e058282925",
        "type": "github"
      },
      "original": {
        "owner": "NixOS",
        "ref": "nixpkgs-unstable",
        "repo": "nixpkgs",
        "type": "github"
      }
    },
    "nixvim": {
      "inputs": {
        "flake-parts": "flake-parts",
        "nixpkgs": "nixpkgs_2",
        "systems": "systems"
      },
      "locked": {
        "lastModified": 1775837497,
        "narHash": "sha256-L17VI03w/wVXvc1SK7EI1muLqHxD3+esYPPzgQvvdOE=",
        "owner": "nix-community",
        "repo": "nixvim",
        "rev": "a587a96a48c705609bfd2ad23f9ae5961eb0d373",
        "type": "github"
      },
      "original": {
        "owner": "nix-community",
        "repo": "nixvim",
        "type": "github"
      }
    },
    "root": {
      "inputs": {
        "nixpkgs": "nixpkgs",
        "nixvim": "nixvim",
        "tabby": "tabby",
        "winresize": "winresize"
      }
    },
    "systems": {
      "locked": {
        "lastModified": 1681028828,
        "narHash": "sha256-Vy1rq5AaRuLzOxct8nz4T6wlgyUR7zLU309k9mBC768=",
        "owner": "nix-systems",
        "repo": "default",
        "rev": "da67096a3b9bf56a91d16901293e51ba5b49a27e",
        "type": "github"
      },
      "original": {
        "owner": "nix-systems",
        "repo": "default",
        "type": "github"
      }
    },
    "tabby": {
      "flake": false,
      "locked": {
        "lastModified": 1767817260,
        "narHash": "sha256-YAnw/FpSLqKjvnug4bdvbGHpYWwtDKuh/DmxhK+PSu0=",
        "owner": "nanozuki",
        "repo": "tabby.nvim",
        "rev": "3c130e1fcb598ce39a9c292847e32d7c3987cf11",
        "type": "github"
      },
      "original": {
        "owner": "nanozuki",
        "repo": "tabby.nvim",
        "type": "github"
      }
    },
    "winresize": {
      "flake": false,
      "locked": {
        "lastModified": 1736192087,
        "narHash": "sha256-g+2JAzYiTOA2MuJ3eSdnTWObx96UAheFsslVvQgitFI=",
        "owner": "pogyomo",
        "repo": "winresize.nvim",
        "rev": "df7ac44154565b0bb91a8894ffe57c5a93689f10",
        "type": "github"
      },
      "original": {
        "owner": "pogyomo",
        "repo": "winresize.nvim",
        "type": "github"
      }
    }
  },
  "root": "root",
  "version": 7
}
